
Microsoft Visual Studio Solution File, Format Version 12.00
# Visual Studio Version 17
VisualStudioVersion = 17.0.31903.59
MinimumVisualStudioVersion = 10.0.40219.1
Project("{FAE04EC0-301F-11D3-BF4B-00C04F79EFBC}") = "buberBreakfast.Contracts", "buberBreakfast.Contracts\buberBreakfast.Contracts.csproj", "{7B33EEA2-D529-480C-9A26-686A084A3554}"
EndProject
Project("{FAE04EC0-301F-11D3-BF4B-00C04F79EFBC}") = "buberBreakfast", "buberbreakFast\buberBreakfast.csproj", "{C8B2B830-5810-4958-9B99-EEFAB1317445}"
EndProject
Global
	GlobalSection(SolutionConfigurationPlatforms) = preSolution
		Debug|Any CPU = Debug|Any CPU
		Release|Any CPU = Release|Any CPU
	EndGlobalSection
	GlobalSection(SolutionProperties) = preSolution
		HideSolutionNode = FALSE
	EndGlobalSection
	GlobalSection(ProjectConfigurationPlatforms) = postSolution
		{7B33EEA2-D529-480C-9A26-686A084A3554}.Debug|Any CPU.ActiveCfg = Debug|Any CPU
		{7B33EEA2-D529-480C-9A26-686A084A3554}.Debug|Any CPU.Build.0 = Debug|Any CPU
		{7B33EEA2-D529-480C-9A26-686A084A3554}.Release|Any CPU.ActiveCfg = Release|Any CPU
		{7B33EEA2-D529-480C-9A26-686A084A3554}.Release|Any CPU.Build.0 = Release|Any CPU
		{C8B2B830-5810-4958-9B99-EEFAB1317445}.Debug|Any CPU.ActiveCfg = Debug|Any CPU
		{C8B2B830-5810-4958-9B99-EEFAB1317445}.Debug|Any CPU.Build.0 = Debug|Any CPU
		{C8B2B830-5810-4958-9B99-EEFAB1317445}.Release|Any CPU.ActiveCfg = Release|Any CPU
		{C8B2B830-5810-4958-9B99-EEFAB1317445}.Release|Any CPU.Build.0 = Release|Any CPU
	EndGlobalSection
EndGlobal
